{
  "name": "get-teahour",
  "version": "1.0.0",
  "lockfileVersion": 1,
  "requires": true,
  "dependencies": {
    "@sindresorhus/slugify": {
      "version": "0.9.1",
      "resolved": "http://bnpm.byted.org/@sindresorhus/slugify/download/@sindresorhus/slugify-0.9.1.tgz",
      "integrity": "sha1-iSrSTXC0QsChT+UZy0AZ1ZvFBp8=",
      "requires": {
        "escape-string-regexp": "^1.0.5",
        "lodash.deburr": "^4.1.0"
      }
    },
    "escape-string-regexp": {
      "version": "1.0.5",
      "resolved": "http://bnpm.byted.org/escape-string-regexp/download/escape-string-regexp-1.0.5.tgz",
      "integrity": "sha1-G2HAViGQqN/2rjuyzwIAyhMLhtQ="
    },
    "lodash.deburr": {
      "version": "4.1.0",
      "resolved": "http://bnpm.byted.org/lodash.deburr/download/lodash.deburr-4.1.0.tgz",
      "integrity": "sha1-3bG7s+8HRYwBd7oH3hRCLLAz/5s="
    },
    "slugify": {
      "version": "1.3.4",
      "resolved": "http://bnpm.byted.org/slugify/download/slugify-1.3.4.tgz",
      "integrity": "sha1-eNJ5LXIitVzZ/IH6AY35mvd57+s="
    }
  }
}
